// !$*UTF8*$!
{
	archiveVersion = 1;
	classes = {
	};
	objectVersion = 56;
	objects = {

/* Begin PBXBuildFile section */
		860306FC29434901007AD12F /* PickerKullanimiApp.swift in Sources */ = {isa = PBXBuildFile; fileRef = 860306FB29434901007AD12F /* PickerKullanimiApp.swift */; };
		860306FE29434901007AD12F /* ContentView.swift in Sources */ = {isa = PBXBuildFile; fileRef = 860306FD29434901007AD12F /* ContentView.swift */; };
		8603070029434903007AD12F /* Assets.xcassets in Resources */ = {isa = PBXBuildFile; fileRef = 860306FF29434903007AD12F /* Assets.xcassets */; };
		8603070329434903007AD12F /* Preview Assets.xcassets in Resources */ = {isa = PBXBuildFile; fileRef = 8603070229434903007AD12F /* Preview Assets.xcassets */; };
		8603070D29434904007AD12F /* PickerKullanimiTests.swift in Sources */ = {isa = PBXBuildFile; fileRef = 8603070C29434904007AD12F /* PickerKullanimiTests.swift */; };
		8603071729434904007AD12F /* PickerKullanimiUITests.swift in Sources */ = {isa = PBXBuildFile; fileRef = 8603071629434904007AD12F /* PickerKullanimiUITests.swift */; };
		8603071929434904007AD12F /* PickerKullanimiUITestsLaunchTests.swift in Sources */ = {isa = PBXBuildFile; fileRef = 8603071829434904007AD12F /* PickerKullanimiUITestsLaunchTests.swift */; };
/* End PBXBuildFile section */

/* Begin PBXContainerItemProxy section */
		8603070929434904007AD12F /* PBXContainerItemProxy */ = {
			isa = PBXContainerItemProxy;
			containerPortal = 860306F029434901007AD12F /* Project object */;
			proxyType = 1;
			remoteGlobalIDString = 860306F729434901007AD12F;
			remoteInfo = PickerKullanimi;
		};
		8603071329434904007AD12F /* PBXContainerItemProxy */ = {
			isa = PBXContainerItemProxy;
			containerPortal = 860306F029434901007AD12F /* Project object */;
			proxyType = 1;
			remoteGlobalIDString = 860306F729434901007AD12F;
			remoteInfo = PickerKullanimi;
		};
/* End PBXContainerItemProxy section */

/* Begin PBXFileReference section */
		860306F829434901007AD12F /* PickerKullanimi.app */ = {isa = PBXFileReference; explicitFileType = wrapper.application; includeInIndex = 0; path = PickerKullanimi.app; sourceTree = BUILT_PRODUCTS_DIR; };
		860306FB29434901007AD12F /* PickerKullanimiApp.swift */ = {isa = PBXFileReference; lastKnownFileType = sourcecode.swift; path = PickerKullanimiApp.swift; sourceTree = "<group>"; };
		860306FD29434901007AD12F /* ContentView.swift */ = {isa = PBXFileReference; lastKnownFileType = sourcecode.swift; path = ContentView.swift; sourceTree = "<group>"; };
		860306FF29434903007AD12F /* Assets.xcassets */ = {isa = PBXFileReference; lastKnownFileType = folder.assetcatalog; path = Assets.xcassets; sourceTree = "<group>"; };
		8603070229434903007AD12F /* Preview Assets.xcassets */ = {isa = PBXFileReference; lastKnownFileType = folder.assetcatalog; path = "Preview Assets.xcassets"; sourceTree = "<group>"; };
		8603070829434904007AD12F /* PickerKullanimiTests.xctest */ = {isa = PBXFileReference; explicitFileType = wrapper.cfbundle; includeInIndex = 0; path = PickerKullanimiTests.xctest; sourceTree = BUILT_PRODUCTS_DIR; };
		8603070C29434904007AD12F /* PickerKullanimiTests.swift */ = {isa = PBXFileReference; lastKnownFileType = sourcecode.swift; path = PickerKullanimiTests.swift; sourceTree = "<group>"; };
		8603071229434904007AD12F /* PickerKullanimiUITests.xctest */ = {isa = PBXFileReference; explicitFileType = wrapper.cfbundle; includeInIndex = 0; path = PickerKullanimiUITests.xctest; sourceTree = BUILT_PRODUCTS_DIR; };
		8603071629434904007AD12F /* PickerKullanimiUITests.swift */ = {isa = PBXFileReference; lastKnownFileType = sourcecode.swift; path = PickerKullanimiUITests.swift; sourceTree = "<group>"; };
		8603071829434904007AD12F /* PickerKullanimiUITestsLaunchTests.swift */ = {isa = PBXFileReference; lastKnownFileType = sourcecode.swift; path = PickerKullanimiUITestsLaunchTests.swift; sourceTree = "<group>"; };
/* End PBXFileReference section */

/* Begin PBXFrameworksBuildPhase section */
		860306F529434901007AD12F /* Frameworks */ = {
			isa = PBXFrameworksBuildPhase;
			buildActionMask = 2147483647;
			files = (
			);
			runOnlyForDeploymentPostprocessing = 0;
		};
		8603070529434904007AD12F /* Frameworks */ = {
			isa = PBXFrameworksBuildPhase;
			buildActionMask = 2147483647;
			files = (
			);
			runOnlyForDeploymentPostprocessing = 0;
		};
		8603070F29434904007AD12F /* Frameworks */ = {
			isa = PBXFrameworksBuildPhase;
			buildActionMask = 2147483647;
			files = (
			);
			runOnlyForDeploymentPostprocessing = 0;
		};
/* End PBXFrameworksBuildPhase section */

/* Begin PBXGroup section */
		860306EF29434901007AD12F = {
			isa = PBXGroup;
			children = (
				860306FA29434901007AD12F /* PickerKullanimi */,
				8603070B29434904007AD12F /* PickerKullanimiTests */,
				8603071529434904007AD12F /* PickerKullanimiUITests */,
				860306F929434901007AD12F /* Products */,
			);
			sourceTree = "<group>";
		};
		860306F929434901007AD12F /* Products */ = {
			isa = PBXGroup;
			children = (
				860306F829434901007AD12F /* PickerKullanimi.app */,
				8603070829434904007AD12F /* PickerKullanimiTests.xctest */,
				8603071229434904007AD12F /* PickerKullanimiUITests.xctest */,
			);
			name = Products;
			sourceTree = "<group>";
		};
		860306FA29434901007AD12F /* PickerKullanimi */ = {
			isa = PBXGroup;
			children = (
				860306FB29434901007AD12F /* PickerKullanimiApp.swift */,
				860306FD29434901007AD12F /* ContentView.swift */,
				860306FF29434903007AD12F /* Assets.xcassets */,
				8603070129434903007AD12F /* Preview Content */,
			);
			path = PickerKullanimi;
			sourceTree = "<group>";
		};
		8603070129434903007AD12F /* Preview Content */ = {
			isa = PBXGroup;
			children = (
				8603070229434903007AD12F /* Preview Assets.xcassets */,
			);
			path = "Preview Content";
			sourceTree = "<group>";
		};
		8603070B29434904007AD12F /* PickerKullanimiTests */ = {
			isa = PBXGroup;
			children = (
				8603070C29434904007AD12F /* PickerKullanimiTests.swift */,
			);
			path = PickerKullanimiTests;
			sourceTree = "<group>";
		};
		8603071529434904007AD12F /* PickerKullanimiUITests */ = {
			isa = PBXGroup;
			children = (
				8603071629434904007AD12F /* PickerKullanimiUITests.swift */,
				8603071829434904007AD12F /* PickerKullanimiUITestsLaunchTests.swift */,
			);
			path = PickerKullanimiUITests;
			sourceTree = "<group>";
		};
/* End PBXGroup section */

/* Begin PBXNativeTarget section */
		860306F729434901007AD12F /* PickerKullanimi */ = {
			isa = PBXNativeTarget;
			buildConfigurationList = 8603071C29434904007AD12F /* Build configuration list for PBXNativeTarget "PickerKullanimi" */;
			buildPhases = (
				860306F429434901007AD12F /* Sources */,
				860306F529434901007AD12F /* Frameworks */,
				860306F629434901007AD12F /* Resources */,
			);
			buildRules = (
			);
			dependencies = (
			);
			name = PickerKullanimi;
			productName = PickerKullanimi;
			productReference = 860306F829434901007AD12F /* PickerKullanimi.app */;
			productType = "com.apple.product-type.application";
		};
		8603070729434904007AD12F /* PickerKullanimiTests */ = {
			isa = PBXNativeTarget;
			buildConfigurationList = 8603071F29434904007AD12F /* Build configuration list for PBXNativeTarget "PickerKullanimiTests" */;
			buildPhases = (
				8603070429434904007AD12F /* Sources */,
				8603070529434904007AD12F /* Frameworks */,
				8603070629434904007AD12F /* Resources */,
			);
			buildRules = (
			);
			dependencies = (
				8603070A29434904007AD12F /* PBXTargetDependency */,
			);
			name = PickerKullanimiTests;
			productName = PickerKullanimiTests;
			productReference = 8603070829434904007AD12F /* PickerKullanimiTests.xctest */;
			productType = "com.apple.product-type.bundle.unit-test";
		};
		8603071129434904007AD12F /* PickerKullanimiUITests */ = {
			isa = PBXNativeTarget;
			buildConfigurationList = 8603072229434904007AD12F /* Build configuration list for PBXNativeTarget "PickerKullanimiUITests" */;
			buildPhases = (
				8603070E29434904007AD12F /* Sources */,
				8603070F29434904007AD12F /* Frameworks */,
				8603071029434904007AD12F /* Resources */,
			);
			buildRules = (
			);
			dependencies = (
				8603071429434904007AD12F /* PBXTargetDependency */,
			);
			name = PickerKullanimiUITests;
			productName = PickerKullanimiUITests;
			productReference = 8603071229434904007AD12F /* PickerKullanimiUITests.xctest */;
			productType = "com.apple.product-type.bundle.ui-testing";
		};
/* End PBXNativeTarget section */

/* Begin PBXProject section */
		860306F029434901007AD12F /* Project object */ = {
			isa = PBXProject;
			attributes = {
				BuildIndependentTargetsInParallel = 1;
				LastSwiftUpdateCheck = 1400;
				LastUpgradeCheck = 1400;
				TargetAttributes = {
					860306F729434901007AD12F = {
						CreatedOnToolsVersion = 14.0.1;
					};
					8603070729434904007AD12F = {
						CreatedOnToolsVersion = 14.0.1;
						TestTargetID = 860306F729434901007AD12F;
					};
					8603071129434904007AD12F = {
						CreatedOnToolsVersion = 14.0.1;
						TestTargetID = 860306F729434901007AD12F;
					};
				};
			};
			buildConfigurationList = 860306F329434901007AD12F /* Build configuration list for PBXProject "PickerKullanimi" */;
			compatibilityVersion = "Xcode 14.0";
			developmentRegion = en;
			hasScannedForEncodings = 0;
			knownRegions = (
				en,
				Base,
			);
			mainGroup = 860306EF29434901007AD12F;
			productRefGroup = 860306F929434901007AD12F /* Products */;
			projectDirPath = "";
			projectRoot = "";
			targets = (
				860306F729434901007AD12F /* PickerKullanimi */,
				8603070729434904007AD12F /* PickerKullanimiTests */,
				8603071129434904007AD12F /* PickerKullanimiUITests */,
			);
		};
/* End PBXProject section */

/* Begin PBXResourcesBuildPhase section */
		860306F629434901007AD12F /* Resources */ = {
			isa = PBXResourcesBuildPhase;
			buildActionMask = 2147483647;
			files = (
				8603070329434903007AD12F /* Preview Assets.xcassets in Resources */,
				8603070029434903007AD12F /* Assets.xcassets in Resources */,
			);
			runOnlyForDeploymentPostprocessing = 0;
		};
		8603070629434904007AD12F /* Resources */ = {
			isa = PBXResourcesBuildPhase;
			buildActionMask = 2147483647;
			files = (
			);
			runOnlyForDeploymentPostprocessing = 0;
		};
		8603071029434904007AD12F /* Resources */ = {
			isa = PBXResourcesBuildPhase;
			buildActionMask = 2147483647;
			files = (
			);
			runOnlyForDeploymentPostprocessing = 0;
		};
/* End PBXResourcesBuildPhase section */

/* Begin PBXSourcesBuildPhase section */
		860306F429434901007AD12F /* Sources */ = {
			isa = PBXSourcesBuildPhase;
			buildActionMask = 2147483647;
			files = (
				860306FE29434901007AD12F /* ContentView.swift in Sources */,
				860306FC29434901007AD12F /* PickerKullanimiApp.swift in Sources */,
			);
			runOnlyForDeploymentPostprocessing = 0;
		};
		8603070429434904007AD12F /* Sources */ = {
			isa = PBXSourcesBuildPhase;
			buildActionMask = 2147483647;
			files = (
				8603070D29434904007AD12F /* PickerKullanimiTests.swift in Sources */,
			);
			runOnlyForDeploymentPostprocessing = 0;
		};
		8603070E29434904007AD12F /* Sources */ = {
			isa = PBXSourcesBuildPhase;
			buildActionMask = 2147483647;
			files = (
				8603071729434904007AD12F /* PickerKullanimiUITests.swift in Sources */,
				8603071929434904007AD12F /* PickerKullanimiUITestsLaunchTests.swift in Sources */,
			);
			runOnlyForDeploymentPostprocessing = 0;
		};
/* End PBXSourcesBuildPhase section */

/* Begin PBXTargetDependency section */
		8603070A29434904007AD12F /* PBXTargetDependency */ = {
			isa = PBXTargetDependency;
			target = 860306F729434901007AD12F /* PickerKullanimi */;
			targetProxy = 8603070929434904007AD12F /* PBXContainerItemProxy */;
		};
		8603071429434904007AD12F /* PBXTargetDependency */ = {
			isa = PBXTargetDependency;
			target = 860306F729434901007AD12F /* PickerKullanimi */;
			targetProxy = 8603071329434904007AD12F /* PBXContainerItemProxy */;
		};
/* End PBXTargetDependency section */

/* Begin XCBuildConfiguration section */
		8603071A29434904007AD12F /* Debug */ = {
			isa = XCBuildConfiguration;
			buildSettings = {
				ALWAYS_SEARCH_USER_PATHS = NO;
				CLANG_ANALYZER_NONNULL = YES;
				CLANG_ANALYZER_NUMBER_OBJECT_CONVERSION = YES_AGGRESSIVE;
				CLANG_CXX_LANGUAGE_STANDARD = "gnu++20";
				CLANG_ENABLE_MODULES = YES;
				CLANG_ENABLE_OBJC_ARC = YES;
				CLANG_ENABLE_OBJC_WEAK = YES;
				CLANG_WARN_BLOCK_CAPTURE_AUTORELEASING = YES;
				CLANG_WARN_BOOL_CONVERSION = YES;
				CLANG_WARN_COMMA = YES;
				CLANG_WARN_CONSTANT_CONVERSION = YES;
				CLANG_WARN_DEPRECATED_OBJC_IMPLEMENTATIONS = YES;
				CLANG_WARN_DIRECT_OBJC_ISA_USAGE = YES_ERROR;
				CLANG_WARN_DOCUMENTATION_COMMENTS = YES;
				CLANG_WARN_EMPTY_BODY = YES;
				CLANG_WARN_ENUM_CONVERSION = YES;
				CLANG_WARN_INFINITE_RECURSION = YES;
				CLANG_WARN_INT_CONVERSION = YES;
				CLANG_WARN_NON_LITERAL_NULL_CONVERSION = YES;
				CLANG_WARN_OBJC_IMPLICIT_RETAIN_SELF = YES;
				CLANG_WARN_OBJC_LITERAL_CONVERSION = YES;
				CLANG_WARN_OBJC_ROOT_CLASS = YES_ERROR;
				CLANG_WARN_QUOTED_INCLUDE_IN_FRAMEWORK_HEADER = YES;
				CLANG_WARN_RANGE_LOOP_ANALYSIS = YES;
				CLANG_WARN_STRICT_PROTOTYPES = YES;
				CLANG_WARN_SUSPICIOUS_MOVE = YES;
				CLANG_WARN_UNGUARDED_AVAILABILITY = YES_AGGRESSIVE;
				CLANG_WARN_UNREACHABLE_CODE = YES;
				CLANG_WARN__DUPLICATE_METHOD_MATCH = YES;
				COPY_PHASE_STRIP = NO;
				DEBUG_INFORMATION_FORMAT = dwarf;
				ENABLE_STRICT_OBJC_MSGSEND = YES;
				ENABLE_TESTABILITY = YES;
				GCC_C_LANGUAGE_STANDARD = gnu11;
				GCC_DYNAMIC_NO_PIC = NO;
				GCC_NO_COMMON_BLOCKS = YES;
				GCC_OPTIMIZATION_LEVEL = 0;
				GCC_PREPROCESSOR_DEFINITIONS = (
					"DEBUG=1",
					"$(inherited)",
				);
				GCC_WARN_64_TO_32_BIT_CONVERSION = YES;
				GCC_WARN_ABOUT_RETURN_TYPE = YES_ERROR;
				GCC_WARN_UNDECLARED_SELECTOR = YES;
				GCC_WARN_UNINITIALIZED_AUTOS = YES_AGGRESSIVE;
				GCC_WARN_UNUSED_FUNCTION = YES;
				GCC_WARN_UNUSED_VARIABLE = YES;
				IPHONEOS_DEPLOYMENT_TARGET = 16.0;
				MTL_ENABLE_DEBUG_INFO = INCLUDE_SOURCE;
				MTL_FAST_MATH = YES;
				ONLY_ACTIVE_ARCH = YES;
				SDKROOT = iphoneos;
				SWIFT_ACTIVE_COMPILATION_CONDITIONS = DEBUG;
				SWIFT_OPTIMIZATION_LEVEL = "-Onone";
			};
			name = Debug;
		};
		8603071B29434904007AD12F /* Release */ = {
			isa = XCBuildConfiguration;
			buildSettings = {
				ALWAYS_SEARCH_USER_PATHS = NO;
				CLANG_ANALYZER_NONNULL = YES;
				CLANG_ANALYZER_NUMBER_OBJECT_CONVERSION = YES_AGGRESSIVE;
				CLANG_CXX_LANGUAGE_STANDARD = "gnu++20";
				CLANG_ENABLE_MODULES = YES;
				CLANG_ENABLE_OBJC_ARC = YES;
				CLANG_ENABLE_OBJC_WEAK = YES;
				CLANG_WARN_BLOCK_CAPTURE_AUTORELEASING = YES;
				CLANG_WARN_BOOL_CONVERSION = YES;
				CLANG_WARN_COMMA = YES;
				CLANG_WARN_CONSTANT_CONVERSION = YES;
				CLANG_WARN_DEPRECATED_OBJC_IMPLEMENTATIONS = YES;
				CLANG_WARN_DIRECT_OBJC_ISA_USAGE = YES_ERROR;
				CLANG_WARN_DOCUMENTATION_COMMENTS = YES;
				CLANG_WARN_EMPTY_BODY = YES;
				CLANG_WARN_ENUM_CONVERSION = YES;
				CLANG_WARN_INFINITE_RECURSION = YES;
				CLANG_WARN_INT_CONVERSION = YES;
				CLANG_WARN_NON_LITERAL_NULL_CONVERSION = YES;
				CLANG_WARN_OBJC_IMPLICIT_RETAIN_SELF = YES;
				CLANG_WARN_OBJC_LITERAL_CONVERSION = YES;
				CLANG_WARN_OBJC_ROOT_CLASS = YES_ERROR;
				CLANG_WARN_QUOTED_INCLUDE_IN_FRAMEWORK_HEADER = YES;
				CLANG_WARN_RANGE_LOOP_ANALYSIS = YES;
				CLANG_WARN_STRICT_PROTOTYPES = YES;
				CLANG_WARN_SUSPICIOUS_MOVE = YES;
				CLANG_WARN_UNGUARDED_AVAILABILITY = YES_AGGRESSIVE;
				CLANG_WARN_UNREACHABLE_CODE = YES;
				CLANG_WARN__DUPLICATE_METHOD_MATCH = YES;
				COPY_PHASE_STRIP = NO;
				DEBUG_INFORMATION_FORMAT = "dwarf-with-dsym";
				ENABLE_NS_ASSERTIONS = NO;
				ENABLE_STRICT_OBJC_MSGSEND = YES;
				GCC_C_LANGUAGE_STANDARD = gnu11;
				GCC_NO_COMMON_BLOCKS = YES;
				GCC_WARN_64_TO_32_BIT_CONVERSION = YES;
				GCC_WARN_ABOUT_RETURN_TYPE = YES_ERROR;
				GCC_WARN_UNDECLARED_SELECTOR = YES;
				GCC_WARN_UNINITIALIZED_AUTOS = YES_AGGRESSIVE;
				GCC_WARN_UNUSED_FUNCTION = YES;
				GCC_WARN_UNUSED_VARIABLE = YES;
				IPHONEOS_DEPLOYMENT_TARGET = 16.0;
				MTL_ENABLE_DEBUG_INFO = NO;
				MTL_FAST_MATH = YES;
				SDKROOT = iphoneos;
				SWIFT_COMPILATION_MODE = wholemodule;
				SWIFT_OPTIMIZATION_LEVEL = "-O";
				VALIDATE_PRODUCT = YES;
			};
			name = Release;
		};
		8603071D29434904007AD12F /* Debug */ = {
			isa = XCBuildConfiguration;
			buildSettings = {
				ASSETCATALOG_COMPILER_APPICON_NAME = AppIcon;
				ASSETCATALOG_COMPILER_GLOBAL_ACCENT_COLOR_NAME = AccentColor;
				CODE_SIGN_STYLE = Automatic;
				CURRENT_PROJECT_VERSION = 1;
				DEVELOPMENT_ASSET_PATHS = "\"PickerKullanimi/Preview Content\"";
				DEVELOPMENT_TEAM = DW4R8GHFA2;
				ENABLE_PREVIEWS = YES;
				GENERATE_INFOPLIST_FILE = YES;
				INFOPLIST_KEY_UIApplicationSceneManifest_Generation = YES;
				INFOPLIST_KEY_UIApplicationSupportsIndirectInputEvents = YES;
				INFOPLIST_KEY_UILaunchScreen_Generation = YES;
				INFOPLIST_KEY_UISupportedInterfaceOrientations_iPad = "UIInterfaceOrientationPortrait UIInterfaceOrientationPortraitUpsideDown UIInterfaceOrientationLandscapeLeft UIInterfaceOrientationLandscapeRight";
				INFOPLIST_KEY_UISupportedInterfaceOrientations_iPhone = "UIInterfaceOrientationPortrait UIInterfaceOrientationLandscapeLeft UIInterfaceOrientationLandscapeRight";
				LD_RUNPATH_SEARCH_PATHS = (
					"$(inherited)",
					"@executable_path/Frameworks",
				);
				MARKETING_VERSION = 1.0;
				PRODUCT_BUNDLE_IDENTIFIER = ilker.PickerKullanimi;
				PRODUCT_NAME = "$(TARGET_NAME)";
				SWIFT_EMIT_LOC_STRINGS = YES;
				SWIFT_VERSION = 5.0;
				TARGETED_DEVICE_FAMILY = "1,2";
			};
			name = Debug;
		};
		8603071E29434904007AD12F /* Release */ = {
			isa = XCBuildConfiguration;
			buildSettings = {
				ASSETCATALOG_COMPILER_APPICON_NAME = AppIcon;
				ASSETCATALOG_COMPILER_GLOBAL_ACCENT_COLOR_NAME = AccentColor;
				CODE_SIGN_STYLE = Automatic;
				CURRENT_PROJECT_VERSION = 1;
				DEVELOPMENT_ASSET_PATHS = "\"PickerKullanimi/Preview Content\"";
				DEVELOPMENT_TEAM = DW4R8GHFA2;
				ENABLE_PREVIEWS = YES;
				GENERATE_INFOPLIST_FILE = YES;
				INFOPLIST_KEY_UIApplicationSceneManifest_Generation = YES;
				INFOPLIST_KEY_UIApplicationSupportsIndirectInputEvents = YES;
				INFOPLIST_KEY_UILaunchScreen_Generation = YES;
				INFOPLIST_KEY_UISupportedInterfaceOrientations_iPad = "UIInterfaceOrientationPortrait UIInterfaceOrientationPortraitUpsideDown UIInterfaceOrientationLandscapeLeft UIInterfaceOrientationLandscapeRight";
				INFOPLIST_KEY_UISupportedInterfaceOrientations_iPhone = "UIInterfaceOrientationPortrait UIInterfaceOrientationLandscapeLeft UIInterfaceOrientationLandscapeRight";
				LD_RUNPATH_SEARCH_PATHS = (
					"$(inherited)",
					"@executable_path/Frameworks",
				);
				MARKETING_VERSION = 1.0;
				PRODUCT_BUNDLE_IDENTIFIER = ilker.PickerKullanimi;
				PRODUCT_NAME = "$(TARGET_NAME)";
				SWIFT_EMIT_LOC_STRINGS = YES;
				SWIFT_VERSION = 5.0;
				TARGETED_DEVICE_FAMILY = "1,2";
			};
			name = Release;
		};
		8603072029434904007AD12F /* Debug */ = {
			isa = XCBuildConfiguration;
			buildSettings = {
				ALWAYS_EMBED_SWIFT_STANDARD_LIBRARIES = YES;
				BUNDLE_LOADER = "$(TEST_HOST)";
				CODE_SIGN_STYLE = Automatic;
				CURRENT_PROJECT_VERSION = 1;
				DEVELOPMENT_TEAM = DW4R8GHFA2;
				GENERATE_INFOPLIST_FILE = YES;
				IPHONEOS_DEPLOYMENT_TARGET = 16.0;
				MARKETING_VERSION = 1.0;
				PRODUCT_BUNDLE_IDENTIFIER = ilker.PickerKullanimiTests;
				PRODUCT_NAME = "$(TARGET_NAME)";
				SWIFT_EMIT_LOC_STRINGS = NO;
				SWIFT_VERSION = 5.0;
				TARGETED_DEVICE_FAMILY = "1,2";
				TEST_HOST = "$(BUILT_PRODUCTS_DIR)/PickerKullanimi.app/$(BUNDLE_EXECUTABLE_FOLDER_PATH)/PickerKullanimi";
			};
			name = Debug;
		};
		8603072129434904007AD12F /* Release */ = {
			isa = XCBuildConfiguration;
			buildSettings = {
				ALWAYS_EMBED_SWIFT_STANDARD_LIBRARIES = YES;
				BUNDLE_LOADER = "$(TEST_HOST)";
				CODE_SIGN_STYLE = Automatic;
				CURRENT_PROJECT_VERSION = 1;
				DEVELOPMENT_TEAM = DW4R8GHFA2;
				GENERATE_INFOPLIST_FILE = YES;
				IPHONEOS_DEPLOYMENT_TARGET = 16.0;
				MARKETING_VERSION = 1.0;
				PRODUCT_BUNDLE_IDENTIFIER = ilker.PickerKullanimiTests;
				PRODUCT_NAME = "$(TARGET_NAME)";
				SWIFT_EMIT_LOC_STRINGS = NO;
				SWIFT_VERSION = 5.0;
				TARGETED_DEVICE_FAMILY = "1,2";
				TEST_HOST = "$(BUILT_PRODUCTS_DIR)/PickerKullanimi.app/$(BUNDLE_EXECUTABLE_FOLDER_PATH)/PickerKullanimi";
			};
			name = Release;
		};
		8603072329434904007AD12F /* Debug */ = {
			isa = XCBuildConfiguration;
			buildSettings = {
				ALWAYS_EMBED_SWIFT_STANDARD_LIBRARIES = YES;
				CODE_SIGN_STYLE = Automatic;
				CURRENT_PROJECT_VERSION = 1;
				DEVELOPMENT_TEAM = DW4R8GHFA2;
				GENERATE_INFOPLIST_FILE = YES;
				MARKETING_VERSION = 1.0;
				PRODUCT_BUNDLE_IDENTIFIER = ilker.PickerKullanimiUITests;
				PRODUCT_NAME = "$(TARGET_NAME)";
				SWIFT_EMIT_LOC_STRINGS = NO;
				SWIFT_VERSION = 5.0;
				TARGETED_DEVICE_FAMILY = "1,2";
				TEST_TARGET_NAME = PickerKullanimi;
			};
			name = Debug;
		};
		8603072429434904007AD12F /* Release */ = {
			isa = XCBuildConfiguration;
			buildSettings = {
				ALWAYS_EMBED_SWIFT_STANDARD_LIBRARIES = YES;
				CODE_SIGN_STYLE = Automatic;
				CURRENT_PROJECT_VERSION = 1;
				DEVELOPMENT_TEAM = DW4R8GHFA2;
				GENERATE_INFOPLIST_FILE = YES;
				MARKETING_VERSION = 1.0;
				PRODUCT_BUNDLE_IDENTIFIER = ilker.PickerKullanimiUITests;
				PRODUCT_NAME = "$(TARGET_NAME)";
				SWIFT_EMIT_LOC_STRINGS = NO;
				SWIFT_VERSION = 5.0;
				TARGETED_DEVICE_FAMILY = "1,2";
				TEST_TARGET_NAME = PickerKullanimi;
			};
			name = Release;
		};
/* End XCBuildConfiguration section */

/* Begin XCConfigurationList section */
		860306F329434901007AD12F /* Build configuration list for PBXProject "PickerKullanimi" */ = {
			isa = XCConfigurationList;
			buildConfigurations = (
				8603071A29434904007AD12F /* Debug */,
				8603071B29434904007AD12F /* Release */,
			);
			defaultConfigurationIsVisible = 0;
			defaultConfigurationName = Release;
		};
		8603071C29434904007AD12F /* Build configuration list for PBXNativeTarget "PickerKullanimi" */ = {
			isa = XCConfigurationList;
			buildConfigurations = (
				8603071D29434904007AD12F /* Debug */,
				8603071E29434904007AD12F /* Release */,
			);
			defaultConfigurationIsVisible = 0;
			defaultConfigurationName = Release;
		};
		8603071F29434904007AD12F /* Build configuration list for PBXNativeTarget "PickerKullanimiTests" */ = {
			isa = XCConfigurationList;
			buildConfigurations = (
				8603072029434904007AD12F /* Debug */,
				8603072129434904007AD12F /* Release */,
			);
			defaultConfigurationIsVisible = 0;
			defaultConfigurationName = Release;
		};
		8603072229434904007AD12F /* Build configuration list for PBXNativeTarget "PickerKullanimiUITests" */ = {
			isa = XCConfigurationList;
			buildConfigurations = (
				8603072329434904007AD12F /* Debug */,
				8603072429434904007AD12F /* Release */,
			);
			defaultConfigurationIsVisible = 0;
			defaultConfigurationName = Release;
		};
/* End XCConfigurationList section */
	};
	rootObject = 860306F029434901007AD12F /* Project object */;
}
